lockfileVersion: 5.4

importers:

  .:
    specifiers:
      concurrently: ^7.5.0
    devDependencies:
      concurrently: registry.npmmirror.com/concurrently/7.5.0

  packages/core:
    specifiers:
      '@types/node': ^18.11.7
      reflect-metadata: ^0.1.13
    dependencies:
      reflect-metadata: 0.1.13
    devDependencies:
      '@types/node': 18.11.7

  packages/parameter:
    specifiers:
      '@ainuo5213/core': workspace:^1.0.0
      '@types/node': ^18.11.7
      '@types/qs': ^6.9.7
      qs: ^6.11.0
      reflect-metadata: ^0.1.13
    dependencies:
      '@ainuo5213/core': link:../core
      qs: 6.11.0
      reflect-metadata: 0.1.13
    devDependencies:
      '@types/node': 18.11.7
      '@types/qs': 6.9.7

  packages/route:
    specifiers:
      '@ainuo5213/core': workspace:^1.0.0
    dependencies:
      '@ainuo5213/core': link:../core

  packages/validate:
    specifiers:
      '@ainuo5213/core': workspace:^1.0.0
      reflect-metadata: ^0.1.13
    dependencies:
      '@ainuo5213/core': link:../core
      reflect-metadata: 0.1.13

  sample:
    specifiers:
      '@ainuo5213/core': workspace:^1.0.0
      '@ainuo5213/parameter': workspace:^1.0.0
      '@ainuo5213/route': workspace:^1.0.0
      '@ainuo5213/validate': workspace:^1.0.0
      '@types/node': ^18.11.7
    dependencies:
      '@ainuo5213/core': link:../packages/core
      '@ainuo5213/parameter': link:../packages/parameter
      '@ainuo5213/route': link:../packages/route
      '@ainuo5213/validate': link:../packages/validate
    devDependencies:
      '@types/node': registry.npmmirror.com/@types/node/18.11.7

packages:

  /@types/node/18.11.7:
    resolution: {integrity: sha512-LhFTglglr63mNXUSRYD8A+ZAIu5sFqNJ4Y2fPuY7UlrySJH87rRRlhtVmMHplmfk5WkoJGmDjE9oiTfyX94CpQ==}
    dev: true

  /@types/qs/6.9.7:
    resolution: {integrity: sha512-FGa1F62FT09qcrueBA6qYTrJPVDzah9a+493+o2PCXsesWHIn27G98TsSMs3WPNbZIEj4+VJf6saSFpvD+3Zsw==}
    dev: true

  /call-bind/1.0.2:
    resolution: {integrity: sha512-7O+FbCihrB5WGbFYesctwmTKae6rOiIzmz1icreWJ+0aA7LJfuqhEso2T9ncpcFtzMQtzXf2QGGueWJGTYsqrA==}
    dependencies:
      function-bind: 1.1.1
      get-intrinsic: 1.1.3
    dev: false

  /function-bind/1.1.1:
    resolution: {integrity: sha512-yIovAzMX49sF8Yl58fSCWJ5svSLuaibPxXQJFLmBObTuCr0Mf1KiPopGM9NiFjiYBCbfaa2Fh6breQ6ANVTI0A==}
    dev: false

  /get-intrinsic/1.1.3:
    resolution: {integrity: sha512-QJVz1Tj7MS099PevUG5jvnt9tSkXN8K14dxQlikJuPt4uD9hHAHjLyLBiLR5zELelBdD9QNRAXZzsJx0WaDL9A==}
    dependencies:
      function-bind: 1.1.1
      has: 1.0.3
      has-symbols: 1.0.3
    dev: false

  /has-symbols/1.0.3:
    resolution: {integrity: sha512-l3LCuF6MgDNwTDKkdYGEihYjt5pRPbEg46rtlmnSPlUbgmB8LOIrKJbYYFBSbnPaJexMKtiPO8hmeRjRz2Td+A==}
    engines: {node: '>= 0.4'}
    dev: false

  /has/1.0.3:
    resolution: {integrity: sha512-f2dvO0VU6Oej7RkWJGrehjbzMAjFp5/VKPp5tTpWIV4JHHZK1/BxbFRtf/siA2SWTe09caDmVtYYzWEIbBS4zw==}
    engines: {node: '>= 0.4.0'}
    dependencies:
      function-bind: 1.1.1
    dev: false

  /object-inspect/1.12.2:
    resolution: {integrity: sha512-z+cPxW0QGUp0mcqcsgQyLVRDoXFQbXOwBaqyF7VIgI4TWNQsDHrBpUQslRmIfAoYWdYzs6UlKJtB2XJpTaNSpQ==}
    dev: false

  /qs/6.11.0:
    resolution: {integrity: sha512-MvjoMCJwEarSbUYk5O+nmoSzSutSsTwF85zcHPQ9OrlFoZOYIjaqBAJIqIXjptyD5vThxGq52Xu/MaJzRkIk4Q==}
    engines: {node: '>=0.6'}
    dependencies:
      side-channel: 1.0.4
    dev: false

  /reflect-metadata/0.1.13:
    resolution: {integrity: sha512-Ts1Y/anZELhSsjMcU605fU9RE4Oi3p5ORujwbIKXfWa+0Zxs510Qrmrce5/Jowq3cHSZSJqBjypxmHarc+vEWg==}
    dev: false

  /side-channel/1.0.4:
    resolution: {integrity: sha512-q5XPytqFEIKHkGdiMIrY10mvLRvnQh42/+GoBlFW3b2LXLE2xxJpZFdm94we0BaoV3RwJyGqg5wS7epxTv0Zvw==}
    dependencies:
      call-bind: 1.0.2
      get-intrinsic: 1.1.3
      object-inspect: 1.12.2
    dev: false

  registry.npmmirror.com/@types/node/18.11.7:
    resolution: {integrity: sha512-LhFTglglr63mNXUSRYD8A+ZAIu5sFqNJ4Y2fPuY7UlrySJH87rRRlhtVmMHplmfk5WkoJGmDjE9oiTfyX94CpQ==, registry: https://registry.npm.taobao.org/, tarball: https://registry.npmmirror.com/@types/node/-/node-18.11.7.tgz}
    name: '@types/node'
    version: 18.11.7
    dev: true

  registry.npmmirror.com/ansi-regex/5.0.1:
    resolution: {integrity: sha512-quJQXlTSUGL2LH9SUXo8VwsY4soanhgo6LNSm84E1LBcE8s3O0wpdiRzyR9z/ZZJMlMWv37qOOb9pdJlMUEKFQ==, registry: https://registry.npm.taobao.org/, tarball: https://registry.npmmirror.com/ansi-regex/-/ansi-regex-5.0.1.tgz}
    name: ansi-regex
    version: 5.0.1
    engines: {node: '>=8'}
    dev: true

  registry.npmmirror.com/ansi-styles/4.3.0:
    resolution: {integrity: sha512-zbB9rCJAT1rbjiVDb2hqKFHNYLxgtk8NURxZ3IZwD3F6NtxbXZQCnnSi1Lkx+IDohdPlFp222wVALIheZJQSEg==, registry: https://registry.npm.taobao.org/, tarball: https://registry.npmmirror.com/ansi-styles/-/ansi-styles-4.3.0.tgz}
    name: ansi-styles
    version: 4.3.0
    engines: {node: '>=8'}
    dependencies:
      color-convert: registry.npmmirror.com/color-convert/2.0.1
    dev: true

  registry.npmmirror.com/chalk/4.1.2:
    resolution: {integrity: sha512-oKnbhFyRIXpUuez8iBMmyEa4nbj4IOQyuhc/wy9kY7/WVPcwIO9VA668Pu8RkO7+0G76SLROeyw9CpQ061i4mA==, registry: https://registry.npm.taobao.org/, tarball: https://registry.npmmirror.com/chalk/-/chalk-4.1.2.tgz}
    name: chalk
    version: 4.1.2
    engines: {node: '>=10'}
    dependencies:
      ansi-styles: registry.npmmirror.com/ansi-styles/4.3.0
      supports-color: registry.npmmirror.com/supports-color/7.2.0
    dev: true

  registry.npmmirror.com/cliui/8.0.1:
    resolution: {integrity: sha512-BSeNnyus75C4//NQ9gQt1/csTXyo/8Sb+afLAkzAptFuMsod9HFokGNudZpi/oQV73hnVK+sR+5PVRMd+Dr7YQ==, registry: https://registry.npm.taobao.org/, tarball: https://registry.npmmirror.com/cliui/-/cliui-8.0.1.tgz}
    name: cliui
    version: 8.0.1
    engines: {node: '>=12'}
    dependencies:
      string-width: registry.npmmirror.com/string-width/4.2.3
      strip-ansi: registry.npmmirror.com/strip-ansi/6.0.1
      wrap-ansi: registry.npmmirror.com/wrap-ansi/7.0.0
    dev: true

  registry.npmmirror.com/color-convert/2.0.1:
    resolution: {integrity: sha512-RRECPsj7iu/xb5oKYcsFHSppFNnsj/52OVTRKb4zP5onXwVF3zVmmToNcOfGC+CRDpfK/U584fMg38ZHCaElKQ==, registry: https://registry.npm.taobao.org/, tarball: https://registry.npmmirror.com/color-convert/-/color-convert-2.0.1.tgz}
    name: color-convert
    version: 2.0.1
    engines: {node: '>=7.0.0'}
    dependencies:
      color-name: registry.npmmirror.com/color-name/1.1.4
    dev: true

  registry.npmmirror.com/color-name/1.1.4:
    resolution: {integrity: sha512-dOy+3AuW3a2wNbZHIuMZpTcgjGuLU/uBL/ubcZF9OXbDo8ff4O8yVp5Bf0efS8uEoYo5q4Fx7dY9OgQGXgAsQA==, registry: https://registry.npm.taobao.org/, tarball: https://registry.npmmirror.com/color-name/-/color-name-1.1.4.tgz}
    name: color-name
    version: 1.1.4
    dev: true

  registry.npmmirror.com/concurrently/7.5.0:
    resolution: {integrity: sha512-5E3mwiS+i2JYBzr5BpXkFxOnleZTMsG+WnE/dCG4/P+oiVXrbmrBwJ2ozn4SxwB2EZDrKR568X+puVohxz3/Mg==, registry: https://registry.npm.taobao.org/, tarball: https://registry.npmmirror.com/concurrently/-/concurrently-7.5.0.tgz}
    name: concurrently
    version: 7.5.0
    engines: {node: ^12.20.0 || ^14.13.0 || >=16.0.0}
    hasBin: true
    dependencies:
      chalk: registry.npmmirror.com/chalk/4.1.2
      date-fns: registry.npmmirror.com/date-fns/2.29.3
      lodash: registry.npmmirror.com/lodash/4.17.21
      rxjs: registry.npmmirror.com/rxjs/7.5.7
      shell-quote: registry.npmmirror.com/shell-quote/1.7.4
      spawn-command: registry.npmmirror.com/spawn-command/0.0.2-1
      supports-color: registry.npmmirror.com/supports-color/8.1.1
      tree-kill: registry.npmmirror.com/tree-kill/1.2.2
      yargs: registry.npmmirror.com/yargs/17.6.0
    dev: true

  registry.npmmirror.com/date-fns/2.29.3:
    resolution: {integrity: sha512-dDCnyH2WnnKusqvZZ6+jA1O51Ibt8ZMRNkDZdyAyK4YfbDwa/cEmuztzG5pk6hqlp9aSBPYcjOlktquahGwGeA==, registry: https://registry.npm.taobao.org/, tarball: https://registry.npmmirror.com/date-fns/-/date-fns-2.29.3.tgz}
    name: date-fns
    version: 2.29.3
    engines: {node: '>=0.11'}
    dev: true

  registry.npmmirror.com/emoji-regex/8.0.0:
    resolution: {integrity: sha512-MSjYzcWNOA0ewAHpz0MxpYFvwg6yjy1NG3xteoqz644VCo/RPgnr1/GGt+ic3iJTzQ8Eu3TdM14SawnVUmGE6A==, registry: https://registry.npm.taobao.org/, tarball: https://registry.npmmirror.com/emoji-regex/-/emoji-regex-8.0.0.tgz}
    name: emoji-regex
    version: 8.0.0
    dev: true

  registry.npmmirror.com/escalade/3.1.1:
    resolution: {integrity: sha512-k0er2gUkLf8O0zKJiAhmkTnJlTvINGv7ygDNPbeIsX/TJjGJZHuh9B2UxbsaEkmlEo9MfhrSzmhIlhRlI2GXnw==, registry: https://registry.npm.taobao.org/, tarball: https://registry.npmmirror.com/escalade/-/escalade-3.1.1.tgz}
    name: escalade
    version: 3.1.1
    engines: {node: '>=6'}
    dev: true

  registry.npmmirror.com/get-caller-file/2.0.5:
    resolution: {integrity: sha512-DyFP3BM/3YHTQOCUL/w0OZHR0lpKeGrxotcHWcqNEdnltqFwXVfhEBQ94eIo34AfQpo0rGki4cyIiftY06h2Fg==, registry: https://registry.npm.taobao.org/, tarball: https://registry.npmmirror.com/get-caller-file/-/get-caller-file-2.0.5.tgz}
    name: get-caller-file
    version: 2.0.5
    engines: {node: 6.* || 8.* || >= 10.*}
    dev: true

  registry.npmmirror.com/has-flag/4.0.0:
    resolution: {integrity: sha512-EykJT/Q1KjTWctppgIAgfSO0tKVuZUjhgMr17kqTumMl6Afv3EISleU7qZUzoXDFTAHTDC4NOoG/ZxU3EvlMPQ==, registry: https://registry.npm.taobao.org/, tarball: https://registry.npmmirror.com/has-flag/-/has-flag-4.0.0.tgz}
    name: has-flag
    version: 4.0.0
    engines: {node: '>=8'}
    dev: true

  registry.npmmirror.com/is-fullwidth-code-point/3.0.0:
    resolution: {integrity: sha512-zymm5+u+sCsSWyD9qNaejV3DFvhCKclKdizYaJUuHA83RLjb7nSuGnddCHGv0hk+KY7BMAlsWeK4Ueg6EV6XQg==, registry: https://registry.npm.taobao.org/, tarball: https://registry.npmmirror.com/is-fullwidth-code-point/-/is-fullwidth-code-point-3.0.0.tgz}
    name: is-fullwidth-code-point
    version: 3.0.0
    engines: {node: '>=8'}
    dev: true

  registry.npmmirror.com/lodash/4.17.21:
    resolution: {integrity: sha512-v2kDEe57lecTulaDIuNTPy3Ry4gLGJ6Z1O3vE1krgXZNrsQ+LFTGHVxVjcXPs17LhbZVGedAJv8XZ1tvj5FvSg==, registry: https://registry.npm.taobao.org/, tarball: https://registry.npmmirror.com/lodash/-/lodash-4.17.21.tgz}
    name: lodash
    version: 4.17.21
    dev: true

  registry.npmmirror.com/require-directory/2.1.1:
    resolution: {integrity: sha512-fGxEI7+wsG9xrvdjsrlmL22OMTTiHRwAMroiEeMgq8gzoLC/PQr7RsRDSTLUg/bZAZtF+TVIkHc6/4RIKrui+Q==, registry: https://registry.npm.taobao.org/, tarball: https://registry.npmmirror.com/require-directory/-/require-directory-2.1.1.tgz}
    name: require-directory
    version: 2.1.1
    engines: {node: '>=0.10.0'}
    dev: true

  registry.npmmirror.com/rxjs/7.5.7:
    resolution: {integrity: sha512-z9MzKh/UcOqB3i20H6rtrlaE/CgjLOvheWK/9ILrbhROGTweAi1BaFsTT9FbwZi5Trr1qNRs+MXkhmR06awzQA==, registry: https://registry.npm.taobao.org/, tarball: https://registry.npmmirror.com/rxjs/-/rxjs-7.5.7.tgz}
    name: rxjs
    version: 7.5.7
    dependencies:
      tslib: registry.npmmirror.com/tslib/2.4.0
    dev: true

  registry.npmmirror.com/shell-quote/1.7.4:
    resolution: {integrity: sha512-8o/QEhSSRb1a5i7TFR0iM4G16Z0vYB2OQVs4G3aAFXjn3T6yEx8AZxy1PgDF7I00LZHYA3WxaSYIf5e5sAX8Rw==, registry: https://registry.npm.taobao.org/, tarball: https://registry.npmmirror.com/shell-quote/-/shell-quote-1.7.4.tgz}
    name: shell-quote
    version: 1.7.4
    dev: true

  registry.npmmirror.com/spawn-command/0.0.2-1:
    resolution: {integrity: sha512-n98l9E2RMSJ9ON1AKisHzz7V42VDiBQGY6PB1BwRglz99wpVsSuGzQ+jOi6lFXBGVTCrRpltvjm+/XA+tpeJrg==, registry: https://registry.npm.taobao.org/, tarball: https://registry.npmmirror.com/spawn-command/-/spawn-command-0.0.2-1.tgz}
    name: spawn-command
    version: 0.0.2-1
    dev: true

  registry.npmmirror.com/string-width/4.2.3:
    resolution: {integrity: sha512-wKyQRQpjJ0sIp62ErSZdGsjMJWsap5oRNihHhu6G7JVO/9jIB6UyevL+tXuOqrng8j/cxKTWyWUwvSTriiZz/g==, registry: https://registry.npm.taobao.org/, tarball: https://registry.npmmirror.com/string-width/-/string-width-4.2.3.tgz}
    name: string-width
    version: 4.2.3
    engines: {node: '>=8'}
    dependencies:
      emoji-regex: registry.npmmirror.com/emoji-regex/8.0.0
      is-fullwidth-code-point: registry.npmmirror.com/is-fullwidth-code-point/3.0.0
      strip-ansi: registry.npmmirror.com/strip-ansi/6.0.1
    dev: true

  registry.npmmirror.com/strip-ansi/6.0.1:
    resolution: {integrity: sha512-Y38VPSHcqkFrCpFnQ9vuSXmquuv5oXOKpGeT6aGrr3o3Gc9AlVa6JBfUSOCnbxGGZF+/0ooI7KrPuUSztUdU5A==, registry: https://registry.npm.taobao.org/, tarball: https://registry.npmmirror.com/strip-ansi/-/strip-ansi-6.0.1.tgz}
    name: strip-ansi
    version: 6.0.1
    engines: {node: '>=8'}
    dependencies:
      ansi-regex: registry.npmmirror.com/ansi-regex/5.0.1
    dev: true

  registry.npmmirror.com/supports-color/7.2.0:
    resolution: {integrity: sha512-qpCAvRl9stuOHveKsn7HncJRvv501qIacKzQlO/+Lwxc9+0q2wLyv4Dfvt80/DPn2pqOBsJdDiogXGR9+OvwRw==, registry: https://registry.npm.taobao.org/, tarball: https://registry.npmmirror.com/supports-color/-/supports-color-7.2.0.tgz}
    name: supports-color
    version: 7.2.0
    engines: {node: '>=8'}
    dependencies:
      has-flag: registry.npmmirror.com/has-flag/4.0.0
    dev: true

  registry.npmmirror.com/supports-color/8.1.1:
    resolution: {integrity: sha512-MpUEN2OodtUzxvKQl72cUF7RQ5EiHsGvSsVG0ia9c5RbWGL2CI4C7EpPS8UTBIplnlzZiNuV56w+FuNxy3ty2Q==, registry: https://registry.npm.taobao.org/, tarball: https://registry.npmmirror.com/supports-color/-/supports-color-8.1.1.tgz}
    name: supports-color
    version: 8.1.1
    engines: {node: '>=10'}
    dependencies:
      has-flag: registry.npmmirror.com/has-flag/4.0.0
    dev: true

  registry.npmmirror.com/tree-kill/1.2.2:
    resolution: {integrity: sha512-L0Orpi8qGpRG//Nd+H90vFB+3iHnue1zSSGmNOOCh1GLJ7rUKVwV2HvijphGQS2UmhUZewS9VgvxYIdgr+fG1A==, registry: https://registry.npm.taobao.org/, tarball: https://registry.npmmirror.com/tree-kill/-/tree-kill-1.2.2.tgz}
    name: tree-kill
    version: 1.2.2
    hasBin: true
    dev: true

  registry.npmmirror.com/tslib/2.4.0:
    resolution: {integrity: sha512-d6xOpEDfsi2CZVlPQzGeux8XMwLT9hssAsaPYExaQMuYskwb+x1x7J371tWlbBdWHroy99KnVB6qIkUbs5X3UQ==, registry: https://registry.npm.taobao.org/, tarball: https://registry.npmmirror.com/tslib/-/tslib-2.4.0.tgz}
    name: tslib
    version: 2.4.0
    dev: true

  registry.npmmirror.com/wrap-ansi/7.0.0:
    resolution: {integrity: sha512-YVGIj2kamLSTxw6NsZjoBxfSwsn0ycdesmc4p+Q21c5zPuZ1pl+NfxVdxPtdHvmNVOQ6XSYG4AUtyt/Fi7D16Q==, registry: https://registry.npm.taobao.org/, tarball: https://registry.npmmirror.com/wrap-ansi/-/wrap-ansi-7.0.0.tgz}
    name: wrap-ansi
    version: 7.0.0
    engines: {node: '>=10'}
    dependencies:
      ansi-styles: registry.npmmirror.com/ansi-styles/4.3.0
      string-width: registry.npmmirror.com/string-width/4.2.3
      strip-ansi: registry.npmmirror.com/strip-ansi/6.0.1
    dev: true

  registry.npmmirror.com/y18n/5.0.8:
    resolution: {integrity: sha512-0pfFzegeDWJHJIAmTLRP2DwHjdF5s7jo9tuztdQxAhINCdvS+3nGINqPd00AphqJR/0LhANUS6/+7SCb98YOfA==, registry: https://registry.npm.taobao.org/, tarball: https://registry.npmmirror.com/y18n/-/y18n-5.0.8.tgz}
    name: y18n
    version: 5.0.8
    engines: {node: '>=10'}
    dev: true

  registry.npmmirror.com/yargs-parser/21.1.1:
    resolution: {integrity: sha512-tVpsJW7DdjecAiFpbIB1e3qxIQsE6NoPc5/eTdrbbIC4h0LVsWhnoa3g+m2HclBIujHzsxZ4VJVA+GUuc2/LBw==, registry: https://registry.npm.taobao.org/, tarball: https://registry.npmmirror.com/yargs-parser/-/yargs-parser-21.1.1.tgz}
    name: yargs-parser
    version: 21.1.1
    engines: {node: '>=12'}
    dev: true

  registry.npmmirror.com/yargs/17.6.0:
    resolution: {integrity: sha512-8H/wTDqlSwoSnScvV2N/JHfLWOKuh5MVla9hqLjK3nsfyy6Y4kDSYSvkU5YCUEPOSnRXfIyx3Sq+B/IWudTo4g==, registry: https://registry.npm.taobao.org/, tarball: https://registry.npmmirror.com/yargs/-/yargs-17.6.0.tgz}
    name: yargs
    version: 17.6.0
    engines: {node: '>=12'}
    dependencies:
      cliui: registry.npmmirror.com/cliui/8.0.1
      escalade: registry.npmmirror.com/escalade/3.1.1
      get-caller-file: registry.npmmirror.com/get-caller-file/2.0.5
      require-directory: registry.npmmirror.com/require-directory/2.1.1
      string-width: registry.npmmirror.com/string-width/4.2.3
      y18n: registry.npmmirror.com/y18n/5.0.8
      yargs-parser: registry.npmmirror.com/yargs-parser/21.1.1
    dev: true
